
Microsoft Visual Studio Solution File, Format Version 12.00
# Visual Studio Version 17
VisualStudioVersion = 17.4.33213.308
MinimumVisualStudioVersion = 10.0.40219.1
Project("{FAE04EC0-301F-11D3-BF4B-00C04F79EFBC}") = "THA_W3_Ali_Azhar_D", "THA_W3_Ali_Azhar_D\THA_W3_Ali_Azhar_D.csproj", "{7DC3A96A-F1DD-4C7E-9BC6-87950F1D2FB8}"
EndProject
Global
	GlobalSection(SolutionConfigurationPlatforms) = preSolution
		Debug|Any CPU = Debug|Any CPU
		Release|Any CPU = Release|Any CPU
	EndGlobalSection
	GlobalSection(ProjectConfigurationPlatforms) = postSolution
		{7DC3A96A-F1DD-4C7E-9BC6-87950F1D2FB8}.Debug|Any CPU.ActiveCfg = Debug|Any CPU
		{7DC3A96A-F1DD-4C7E-9BC6-87950F1D2FB8}.Debug|Any CPU.Build.0 = Debug|Any CPU
		{7DC3A96A-F1DD-4C7E-9BC6-87950F1D2FB8}.Release|Any CPU.ActiveCfg = Release|Any CPU
		{7DC3A96A-F1DD-4C7E-9BC6-87950F1D2FB8}.Release|Any CPU.Build.0 = Release|Any CPU
	EndGlobalSection
	GlobalSection(SolutionProperties) = preSolution
		HideSolutionNode = FALSE
	EndGlobalSection
	GlobalSection(ExtensibilityGlobals) = postSolution
		SolutionGuid = {60DBCE2A-8884-4A31-8DBC-CEDEDFBC1551}
	EndGlobalSection
EndGlobal
